// !$*UTF8*$!
{
	archiveVersion = 1;
	classes = {
	};
	objectVersion = 46;
	objects = {

/* Begin PBXBuildFile section */
		049E4F231E710DA600A72C27 /* main.m in Sources */ = {isa = PBXBuildFile; fileRef = 049E4F221E710DA600A72C27 /* main.m */; };
		049E4F261E710DA600A72C27 /* AppDelegate.m in Sources */ = {isa = PBXBuildFile; fileRef = 049E4F251E710DA600A72C27 /* AppDelegate.m */; };
		049E4F291E710DA600A72C27 /* ViewController.m in Sources */ = {isa = PBXBuildFile; fileRef = 049E4F281E710DA600A72C27 /* ViewController.m */; };
		049E4F2C1E710DA600A72C27 /* Main.storyboard in Resources */ = {isa = PBXBuildFile; fileRef = 049E4F2A1E710DA600A72C27 /* Main.storyboard */; };
		049E4F2E1E710DA600A72C27 /* Assets.xcassets in Resources */ = {isa = PBXBuildFile; fileRef = 049E4F2D1E710DA600A72C27 /* Assets.xcassets */; };
		049E4F311E710DA600A72C27 /* LaunchScreen.storyboard in Resources */ = {isa = PBXBuildFile; fileRef = 049E4F2F1E710DA600A72C27 /* LaunchScreen.storyboard */; };
		049E4F3C1E710DA600A72C27 /* DWQbadgeViewDemoTests.m in Sources */ = {isa = PBXBuildFile; fileRef = 049E4F3B1E710DA600A72C27 /* DWQbadgeViewDemoTests.m */; };
		049E4F471E710DA600A72C27 /* DWQbadgeViewDemoUITests.m in Sources */ = {isa = PBXBuildFile; fileRef = 049E4F461E710DA600A72C27 /* DWQbadgeViewDemoUITests.m */; };
		049E4F581E710DC200A72C27 /* .gitkeep in Resources */ = {isa = PBXBuildFile; fileRef = 049E4F551E710DC200A72C27 /* .gitkeep */; };
		049E4F591E710DC200A72C27 /* DWQBadgeView.m in Sources */ = {isa = PBXBuildFile; fileRef = 049E4F571E710DC200A72C27 /* DWQBadgeView.m */; };
		049E4F5D1E710FA400A72C27 /* 杜文全背景.png in Resources */ = {isa = PBXBuildFile; fileRef = 049E4F5C1E710FA400A72C27 /* 杜文全背景.png */; };
/* End PBXBuildFile section */

/* Begin PBXContainerItemProxy section */
		049E4F381E710DA600A72C27 /* PBXContainerItemProxy */ = {
			isa = PBXContainerItemProxy;
			containerPortal = 049E4F161E710DA600A72C27 /* Project object */;
			proxyType = 1;
			remoteGlobalIDString = 049E4F1D1E710DA600A72C27;
			remoteInfo = DWQbadgeViewDemo;
		};
		049E4F431E710DA600A72C27 /* PBXContainerItemProxy */ = {
			isa = PBXContainerItemProxy;
			containerPortal = 049E4F161E710DA600A72C27 /* Project object */;
			proxyType = 1;
			remoteGlobalIDString = 049E4F1D1E710DA600A72C27;
			remoteInfo = DWQbadgeViewDemo;
		};
/* End PBXContainerItemProxy section */

/* Begin PBXFileReference section */
		049E4F1E1E710DA600A72C27 /* DWQbadgeViewDemo.app */ = {isa = PBXFileReference; explicitFileType = wrapper.application; includeInIndex = 0; path = DWQbadgeViewDemo.app; sourceTree = BUILT_PRODUCTS_DIR; };
		049E4F221E710DA600A72C27 /* main.m */ = {isa = PBXFileReference; lastKnownFileType = sourcecode.c.objc; path = main.m; sourceTree = "<group>"; };
		049E4F241E710DA600A72C27 /* AppDelegate.h */ = {isa = PBXFileReference; lastKnownFileType = sourcecode.c.h; path = AppDelegate.h; sourceTree = "<group>"; };
		049E4F251E710DA600A72C27 /* AppDelegate.m */ = {isa = PBXFileReference; lastKnownFileType = sourcecode.c.objc; path = AppDelegate.m; sourceTree = "<group>"; };
		049E4F271E710DA600A72C27 /* ViewController.h */ = {isa = PBXFileReference; lastKnownFileType = sourcecode.c.h; path = ViewController.h; sourceTree = "<group>"; };
		049E4F281E710DA600A72C27 /* ViewController.m */ = {isa = PBXFileReference; lastKnownFileType = sourcecode.c.objc; path = ViewController.m; sourceTree = "<group>"; };
		049E4F2B1E710DA600A72C27 /* Base */ = {isa = PBXFileReference; lastKnownFileType = file.storyboard; name = Base; path = Base.lproj/Main.storyboard; sourceTree = "<group>"; };
		049E4F2D1E710DA600A72C27 /* Assets.xcassets */ = {isa = PBXFileReference; lastKnownFileType = folder.assetcatalog; path = Assets.xcassets; sourceTree = "<group>"; };
		049E4F301E710DA600A72C27 /* Base */ = {isa = PBXFileReference; lastKnownFileType = file.storyboard; name = Base; path = Base.lproj/LaunchScreen.storyboard; sourceTree = "<group>"; };
		049E4F321E710DA600A72C27 /* Info.plist */ = {isa = PBXFileReference; lastKnownFileType = text.plist.xml; path = Info.plist; sourceTree = "<group>"; };
		049E4F371E710DA600A72C27 /* DWQbadgeViewDemoTests.xctest */ = {isa = PBXFileReference; explicitFileType = wrapper.cfbundle; includeInIndex = 0; path = DWQbadgeViewDemoTests.xctest; sourceTree = BUILT_PRODUCTS_DIR; };
		049E4F3B1E710DA600A72C27 /* DWQbadgeViewDemoTests.m */ = {isa = PBXFileReference; lastKnownFileType = sourcecode.c.objc; path = DWQbadgeViewDemoTests.m; sourceTree = "<group>"; };
		049E4F3D1E710DA600A72C27 /* Info.plist */ = {isa = PBXFileReference; lastKnownFileType = text.plist.xml; path = Info.plist; sourceTree = "<group>"; };
		049E4F421E710DA600A72C27 /* DWQbadgeViewDemoUITests.xctest */ = {isa = PBXFileReference; explicitFileType = wrapper.cfbundle; includeInIndex = 0; path = DWQbadgeViewDemoUITests.xctest; sourceTree = BUILT_PRODUCTS_DIR; };
		049E4F461E710DA600A72C27 /* DWQbadgeViewDemoUITests.m */ = {isa = PBXFileReference; lastKnownFileType = sourcecode.c.objc; path = DWQbadgeViewDemoUITests.m; sourceTree = "<group>"; };
		049E4F481E710DA600A72C27 /* Info.plist */ = {isa = PBXFileReference; lastKnownFileType = text.plist.xml; path = Info.plist; sourceTree = "<group>"; };
		049E4F551E710DC200A72C27 /* .gitkeep */ = {isa = PBXFileReference; fileEncoding = 4; lastKnownFileType = text; path = .gitkeep; sourceTree = "<group>"; };
		049E4F561E710DC200A72C27 /* DWQBadgeView.h */ = {isa = PBXFileReference; fileEncoding = 4; lastKnownFileType = sourcecode.c.h; path = DWQBadgeView.h; sourceTree = "<group>"; };
		049E4F571E710DC200A72C27 /* DWQBadgeView.m */ = {isa = PBXFileReference; fileEncoding = 4; lastKnownFileType = sourcecode.c.objc; path = DWQBadgeView.m; sourceTree = "<group>"; };
		049E4F5C1E710FA400A72C27 /* 杜文全背景.png */ = {isa = PBXFileReference; lastKnownFileType = image.png; path = "杜文全背景.png"; sourceTree = "<group>"; };
		049E4FCB1E713ADC00A72C27 /* Accelerate.framework */ = {isa = PBXFileReference; lastKnownFileType = wrapper.framework; name = Accelerate.framework; path = System/Library/Frameworks/Accelerate.framework; sourceTree = SDKROOT; };
/* End PBXFileReference section */

/* Begin PBXFrameworksBuildPhase section */
		049E4F1B1E710DA600A72C27 /* Frameworks */ = {
			isa = PBXFrameworksBuildPhase;
			buildActionMask = 2147483647;
			files = (
			);
			runOnlyForDeploymentPostprocessing = 0;
		};
		049E4F341E710DA600A72C27 /* Frameworks */ = {
			isa = PBXFrameworksBuildPhase;
			buildActionMask = 2147483647;
			files = (
			);
			runOnlyForDeploymentPostprocessing = 0;
		};
		049E4F3F1E710DA600A72C27 /* Frameworks */ = {
			isa = PBXFrameworksBuildPhase;
			buildActionMask = 2147483647;
			files = (
			);
			runOnlyForDeploymentPostprocessing = 0;
		};
/* End PBXFrameworksBuildPhase section */

/* Begin PBXGroup section */
		049E4F151E710DA600A72C27 = {
			isa = PBXGroup;
			children = (
				049E4F201E710DA600A72C27 /* DWQbadgeViewDemo */,
				049E4F3A1E710DA600A72C27 /* DWQbadgeViewDemoTests */,
				049E4F451E710DA600A72C27 /* DWQbadgeViewDemoUITests */,
				049E4F1F1E710DA600A72C27 /* Products */,
				049E4FCA1E713ADC00A72C27 /* Frameworks */,
			);
			sourceTree = "<group>";
		};
		049E4F1F1E710DA600A72C27 /* Products */ = {
			isa = PBXGroup;
			children = (
				049E4F1E1E710DA600A72C27 /* DWQbadgeViewDemo.app */,
				049E4F371E710DA600A72C27 /* DWQbadgeViewDemoTests.xctest */,
				049E4F421E710DA600A72C27 /* DWQbadgeViewDemoUITests.xctest */,
			);
			name = Products;
			sourceTree = "<group>";
		};
		049E4F201E710DA600A72C27 /* DWQbadgeViewDemo */ = {
			isa = PBXGroup;
			children = (
				049E4F541E710DC200A72C27 /* DWQbadgeView */,
				049E4F241E710DA600A72C27 /* AppDelegate.h */,
				049E4F251E710DA600A72C27 /* AppDelegate.m */,
				049E4F271E710DA600A72C27 /* ViewController.h */,
				049E4F281E710DA600A72C27 /* ViewController.m */,
				049E4F5C1E710FA400A72C27 /* 杜文全背景.png */,
				049E4F2A1E710DA600A72C27 /* Main.storyboard */,
				049E4F2D1E710DA600A72C27 /* Assets.xcassets */,
				049E4F2F1E710DA600A72C27 /* LaunchScreen.storyboard */,
				049E4F321E710DA600A72C27 /* Info.plist */,
				049E4F211E710DA600A72C27 /* Supporting Files */,
			);
			path = DWQbadgeViewDemo;
			sourceTree = "<group>";
		};
		049E4F211E710DA600A72C27 /* Supporting Files */ = {
			isa = PBXGroup;
			children = (
				049E4F221E710DA600A72C27 /* main.m */,
			);
			name = "Supporting Files";
			sourceTree = "<group>";
		};
		049E4F3A1E710DA600A72C27 /* DWQbadgeViewDemoTests */ = {
			isa = PBXGroup;
			children = (
				049E4F3B1E710DA600A72C27 /* DWQbadgeViewDemoTests.m */,
				049E4F3D1E710DA600A72C27 /* Info.plist */,
			);
			path = DWQbadgeViewDemoTests;
			sourceTree = "<group>";
		};
		049E4F451E710DA600A72C27 /* DWQbadgeViewDemoUITests */ = {
			isa = PBXGroup;
			children = (
				049E4F461E710DA600A72C27 /* DWQbadgeViewDemoUITests.m */,
				049E4F481E710DA600A72C27 /* Info.plist */,
			);
			path = DWQbadgeViewDemoUITests;
			sourceTree = "<group>";
		};
		049E4F541E710DC200A72C27 /* DWQbadgeView */ = {
			isa = PBXGroup;
			children = (
				049E4F551E710DC200A72C27 /* .gitkeep */,
				049E4F561E710DC200A72C27 /* DWQBadgeView.h */,
				049E4F571E710DC200A72C27 /* DWQBadgeView.m */,
			);
			path = DWQbadgeView;
			sourceTree = "<group>";
		};
		049E4FCA1E713ADC00A72C27 /* Frameworks */ = {
			isa = PBXGroup;
			children = (
				049E4FCB1E713ADC00A72C27 /* Accelerate.framework */,
			);
			name = Frameworks;
			sourceTree = "<group>";
		};
/* End PBXGroup section */

/* Begin PBXNativeTarget section */
		049E4F1D1E710DA600A72C27 /* DWQbadgeViewDemo */ = {
			isa = PBXNativeTarget;
			buildConfigurationList = 049E4F4B1E710DA600A72C27 /* Build configuration list for PBXNativeTarget "DWQbadgeViewDemo" */;
			buildPhases = (
				049E4F1A1E710DA600A72C27 /* Sources */,
				049E4F1B1E710DA600A72C27 /* Frameworks */,
				049E4F1C1E710DA600A72C27 /* Resources */,
			);
			buildRules = (
			);
			dependencies = (
			);
			name = DWQbadgeViewDemo;
			productName = DWQbadgeViewDemo;
			productReference = 049E4F1E1E710DA600A72C27 /* DWQbadgeViewDemo.app */;
			productType = "com.apple.product-type.application";
		};
		049E4F361E710DA600A72C27 /* DWQbadgeViewDemoTests */ = {
			isa = PBXNativeTarget;
			buildConfigurationList = 049E4F4E1E710DA600A72C27 /* Build configuration list for PBXNativeTarget "DWQbadgeViewDemoTests" */;
			buildPhases = (
				049E4F331E710DA600A72C27 /* Sources */,
				049E4F341E710DA600A72C27 /* Frameworks */,
				049E4F351E710DA600A72C27 /* Resources */,
			);
			buildRules = (
			);
			dependencies = (
				049E4F391E710DA600A72C27 /* PBXTargetDependency */,
			);
			name = DWQbadgeViewDemoTests;
			productName = DWQbadgeViewDemoTests;
			productReference = 049E4F371E710DA600A72C27 /* DWQbadgeViewDemoTests.xctest */;
			productType = "com.apple.product-type.bundle.unit-test";
		};
		049E4F411E710DA600A72C27 /* DWQbadgeViewDemoUITests */ = {
			isa = PBXNativeTarget;
			buildConfigurationList = 049E4F511E710DA600A72C27 /* Build configuration list for PBXNativeTarget "DWQbadgeViewDemoUITests" */;
			buildPhases = (
				049E4F3E1E710DA600A72C27 /* Sources */,
				049E4F3F1E710DA600A72C27 /* Frameworks */,
				049E4F401E710DA600A72C27 /* Resources */,
			);
			buildRules = (
			);
			dependencies = (
				049E4F441E710DA600A72C27 /* PBXTargetDependency */,
			);
			name = DWQbadgeViewDemoUITests;
			productName = DWQbadgeViewDemoUITests;
			productReference = 049E4F421E710DA600A72C27 /* DWQbadgeViewDemoUITests.xctest */;
			productType = "com.apple.product-type.bundle.ui-testing";
		};
/* End PBXNativeTarget section */

/* Begin PBXProject section */
		049E4F161E710DA600A72C27 /* Project object */ = {
			isa = PBXProject;
			attributes = {
				LastUpgradeCheck = 0810;
				ORGANIZATIONNAME = com.iOSDeveloper.duwenquan;
				TargetAttributes = {
					049E4F1D1E710DA600A72C27 = {
						CreatedOnToolsVersion = 8.1;
						DevelopmentTeam = N8RQBX5PQW;
						ProvisioningStyle = Automatic;
					};
					049E4F361E710DA600A72C27 = {
						CreatedOnToolsVersion = 8.1;
						DevelopmentTeam = N8RQBX5PQW;
						ProvisioningStyle = Automatic;
						TestTargetID = 049E4F1D1E710DA600A72C27;
					};
					049E4F411E710DA600A72C27 = {
						CreatedOnToolsVersion = 8.1;
						DevelopmentTeam = N8RQBX5PQW;
						ProvisioningStyle = Automatic;
						TestTargetID = 049E4F1D1E710DA600A72C27;
					};
				};
			};
			buildConfigurationList = 049E4F191E710DA600A72C27 /* Build configuration list for PBXProject "DWQbadgeViewDemo" */;
			compatibilityVersion = "Xcode 3.2";
			developmentRegion = English;
			hasScannedForEncodings = 0;
			knownRegions = (
				en,
				Base,
			);
			mainGroup = 049E4F151E710DA600A72C27;
			productRefGroup = 049E4F1F1E710DA600A72C27 /* Products */;
			projectDirPath = "";
			projectRoot = "";
			targets = (
				049E4F1D1E710DA600A72C27 /* DWQbadgeViewDemo */,
				049E4F361E710DA600A72C27 /* DWQbadgeViewDemoTests */,
				049E4F411E710DA600A72C27 /* DWQbadgeViewDemoUITests */,
			);
		};
/* End PBXProject section */

/* Begin PBXResourcesBuildPhase section */
		049E4F1C1E710DA600A72C27 /* Resources */ = {
			isa = PBXResourcesBuildPhase;
			buildActionMask = 2147483647;
			files = (
				049E4F311E710DA600A72C27 /* LaunchScreen.storyboard in Resources */,
				049E4F2E1E710DA600A72C27 /* Assets.xcassets in Resources */,
				049E4F5D1E710FA400A72C27 /* 杜文全背景.png in Resources */,
				049E4F2C1E710DA600A72C27 /* Main.storyboard in Resources */,
				049E4F581E710DC200A72C27 /* .gitkeep in Resources */,
			);
			runOnlyForDeploymentPostprocessing = 0;
		};
		049E4F351E710DA600A72C27 /* Resources */ = {
			isa = PBXResourcesBuildPhase;
			buildActionMask = 2147483647;
			files = (
			);
			runOnlyForDeploymentPostprocessing = 0;
		};
		049E4F401E710DA600A72C27 /* Resources */ = {
			isa = PBXResourcesBuildPhase;
			buildActionMask = 2147483647;
			files = (
			);
			runOnlyForDeploymentPostprocessing = 0;
		};
/* End PBXResourcesBuildPhase section */

/* Begin PBXSourcesBuildPhase section */
		049E4F1A1E710DA600A72C27 /* Sources */ = {
			isa = PBXSourcesBuildPhase;
			buildActionMask = 2147483647;
			files = (
				049E4F291E710DA600A72C27 /* ViewController.m in Sources */,
				049E4F261E710DA600A72C27 /* AppDelegate.m in Sources */,
				049E4F231E710DA600A72C27 /* main.m in Sources */,
				049E4F591E710DC200A72C27 /* DWQBadgeView.m in Sources */,
			);
			runOnlyForDeploymentPostprocessing = 0;
		};
		049E4F331E710DA600A72C27 /* Sources */ = {
			isa = PBXSourcesBuildPhase;
			buildActionMask = 2147483647;
			files = (
				049E4F3C1E710DA600A72C27 /* DWQbadgeViewDemoTests.m in Sources */,
			);
			runOnlyForDeploymentPostprocessing = 0;
		};
		049E4F3E1E710DA600A72C27 /* Sources */ = {
			isa = PBXSourcesBuildPhase;
			buildActionMask = 2147483647;
			files = (
				049E4F471E710DA600A72C27 /* DWQbadgeViewDemoUITests.m in Sources */,
			);
			runOnlyForDeploymentPostprocessing = 0;
		};
/* End PBXSourcesBuildPhase section */

/* Begin PBXTargetDependency section */
		049E4F391E710DA600A72C27 /* PBXTargetDependency */ = {
			isa = PBXTargetDependency;
			target = 049E4F1D1E710DA600A72C27 /* DWQbadgeViewDemo */;
			targetProxy = 049E4F381E710DA600A72C27 /* PBXContainerItemProxy */;
		};
		049E4F441E710DA600A72C27 /* PBXTargetDependency */ = {
			isa = PBXTargetDependency;
			target = 049E4F1D1E710DA600A72C27 /* DWQbadgeViewDemo */;
			targetProxy = 049E4F431E710DA600A72C27 /* PBXContainerItemProxy */;
		};
/* End PBXTargetDependency section */

/* Begin PBXVariantGroup section */
		049E4F2A1E710DA600A72C27 /* Main.storyboard */ = {
			isa = PBXVariantGroup;
			children = (
				049E4F2B1E710DA600A72C27 /* Base */,
			);
			name = Main.storyboard;
			sourceTree = "<group>";
		};
		049E4F2F1E710DA600A72C27 /* LaunchScreen.storyboard */ = {
			isa = PBXVariantGroup;
			children = (
				049E4F301E710DA600A72C27 /* Base */,
			);
			name = LaunchScreen.storyboard;
			sourceTree = "<group>";
		};
/* End PBXVariantGroup section */

/* Begin XCBuildConfiguration section */
		049E4F491E710DA600A72C27 /* Debug */ = {
			isa = XCBuildConfiguration;
			buildSettings = {
				ALWAYS_SEARCH_USER_PATHS = NO;
				CLANG_ANALYZER_NONNULL = YES;
				CLANG_CXX_LANGUAGE_STANDARD = "gnu++0x";
				CLANG_CXX_LIBRARY = "libc++";
				CLANG_ENABLE_MODULES = YES;
				CLANG_ENABLE_OBJC_ARC = YES;
				CLANG_WARN_BOOL_CONVERSION = YES;
				CLANG_WARN_CONSTANT_CONVERSION = YES;
				CLANG_WARN_DIRECT_OBJC_ISA_USAGE = YES_ERROR;
				CLANG_WARN_DOCUMENTATION_COMMENTS = YES;
				CLANG_WARN_EMPTY_BODY = YES;
				CLANG_WARN_ENUM_CONVERSION = YES;
				CLANG_WARN_INFINITE_RECURSION = YES;
				CLANG_WARN_INT_CONVERSION = YES;
				CLANG_WARN_OBJC_ROOT_CLASS = YES_ERROR;
				CLANG_WARN_SUSPICIOUS_MOVES = YES;
				CLANG_WARN_UNREACHABLE_CODE = YES;
				CLANG_WARN__DUPLICATE_METHOD_MATCH = YES;
				"CODE_SIGN_IDENTITY[sdk=iphoneos*]" = "iPhone Developer";
				COPY_PHASE_STRIP = NO;
				DEBUG_INFORMATION_FORMAT = dwarf;
				ENABLE_STRICT_OBJC_MSGSEND = YES;
				ENABLE_TESTABILITY = YES;
				GCC_C_LANGUAGE_STANDARD = gnu99;
				GCC_DYNAMIC_NO_PIC = NO;
				GCC_NO_COMMON_BLOCKS = YES;
				GCC_OPTIMIZATION_LEVEL = 0;
				GCC_PREPROCESSOR_DEFINITIONS = (
					"DEBUG=1",
					"$(inherited)",
				);
				GCC_WARN_64_TO_32_BIT_CONVERSION = YES;
				GCC_WARN_ABOUT_RETURN_TYPE = YES_ERROR;
				GCC_WARN_UNDECLARED_SELECTOR = YES;
				GCC_WARN_UNINITIALIZED_AUTOS = YES_AGGRESSIVE;
				GCC_WARN_UNUSED_FUNCTION = YES;
				GCC_WARN_UNUSED_VARIABLE = YES;
				IPHONEOS_DEPLOYMENT_TARGET = 10.1;
				MTL_ENABLE_DEBUG_INFO = YES;
				ONLY_ACTIVE_ARCH = YES;
				SDKROOT = iphoneos;
			};
			name = Debug;
		};
		049E4F4A1E710DA600A72C27 /* Release */ = {
			isa = XCBuildConfiguration;
			buildSettings = {
				ALWAYS_SEARCH_USER_PATHS = NO;
				CLANG_ANALYZER_NONNULL = YES;
				CLANG_CXX_LANGUAGE_STANDARD = "gnu++0x";
				CLANG_CXX_LIBRARY = "libc++";
				CLANG_ENABLE_MODULES = YES;
				CLANG_ENABLE_OBJC_ARC = YES;
				CLANG_WARN_BOOL_CONVERSION = YES;
				CLANG_WARN_CONSTANT_CONVERSION = YES;
				CLANG_WARN_DIRECT_OBJC_ISA_USAGE = YES_ERROR;
				CLANG_WARN_DOCUMENTATION_COMMENTS = YES;
				CLANG_WARN_EMPTY_BODY = YES;
				CLANG_WARN_ENUM_CONVERSION = YES;
				CLANG_WARN_INFINITE_RECURSION = YES;
				CLANG_WARN_INT_CONVERSION = YES;
				CLANG_WARN_OBJC_ROOT_CLASS = YES_ERROR;
				CLANG_WARN_SUSPICIOUS_MOVES = YES;
				CLANG_WARN_UNREACHABLE_CODE = YES;
				CLANG_WARN__DUPLICATE_METHOD_MATCH = YES;
				"CODE_SIGN_IDENTITY[sdk=iphoneos*]" = "iPhone Developer";
				COPY_PHASE_STRIP = NO;
				DEBUG_INFORMATION_FORMAT = "dwarf-with-dsym";
				ENABLE_NS_ASSERTIONS = NO;
				ENABLE_STRICT_OBJC_MSGSEND = YES;
				GCC_C_LANGUAGE_STANDARD = gnu99;
				GCC_NO_COMMON_BLOCKS = YES;
				GCC_WARN_64_TO_32_BIT_CONVERSION = YES;
				GCC_WARN_ABOUT_RETURN_TYPE = YES_ERROR;
				GCC_WARN_UNDECLARED_SELECTOR = YES;
				GCC_WARN_UNINITIALIZED_AUTOS = YES_AGGRESSIVE;
				GCC_WARN_UNUSED_FUNCTION = YES;
				GCC_WARN_UNUSED_VARIABLE = YES;
				IPHONEOS_DEPLOYMENT_TARGET = 10.1;
				MTL_ENABLE_DEBUG_INFO = NO;
				SDKROOT = iphoneos;
				VALIDATE_PRODUCT = YES;
			};
			name = Release;
		};
		049E4F4C1E710DA600A72C27 /* Debug */ = {
			isa = XCBuildConfiguration;
			buildSettings = {
				ASSETCATALOG_COMPILER_APPICON_NAME = AppIcon;
				DEVELOPMENT_TEAM = N8RQBX5PQW;
				INFOPLIST_FILE = DWQbadgeViewDemo/Info.plist;
				LD_RUNPATH_SEARCH_PATHS = "$(inherited) @executable_path/Frameworks";
				PRODUCT_BUNDLE_IDENTIFIER = com.DWQ.DWQbadgeViewDemo;
				PRODUCT_NAME = "$(TARGET_NAME)";
			};
			name = Debug;
		};
		049E4F4D1E710DA600A72C27 /* Release */ = {
			isa = XCBuildConfiguration;
			buildSettings = {
				ASSETCATALOG_COMPILER_APPICON_NAME = AppIcon;
				DEVELOPMENT_TEAM = N8RQBX5PQW;
				INFOPLIST_FILE = DWQbadgeViewDemo/Info.plist;
				LD_RUNPATH_SEARCH_PATHS = "$(inherited) @executable_path/Frameworks";
				PRODUCT_BUNDLE_IDENTIFIER = com.DWQ.DWQbadgeViewDemo;
				PRODUCT_NAME = "$(TARGET_NAME)";
			};
			name = Release;
		};
		049E4F4F1E710DA600A72C27 /* Debug */ = {
			isa = XCBuildConfiguration;
			buildSettings = {
				BUNDLE_LOADER = "$(TEST_HOST)";
				DEVELOPMENT_TEAM = N8RQBX5PQW;
				INFOPLIST_FILE = DWQbadgeViewDemoTests/Info.plist;
				LD_RUNPATH_SEARCH_PATHS = "$(inherited) @executable_path/Frameworks @loader_path/Frameworks";
				PRODUCT_BUNDLE_IDENTIFIER = com.DWQ.DWQbadgeViewDemoTests;
				PRODUCT_NAME = "$(TARGET_NAME)";
				TEST_HOST = "$(BUILT_PRODUCTS_DIR)/DWQbadgeViewDemo.app/DWQbadgeViewDemo";
			};
			name = Debug;
		};
		049E4F501E710DA600A72C27 /* Release */ = {
			isa = XCBuildConfiguration;
			buildSettings = {
				BUNDLE_LOADER = "$(TEST_HOST)";
				DEVELOPMENT_TEAM = N8RQBX5PQW;
				INFOPLIST_FILE = DWQbadgeViewDemoTests/Info.plist;
				LD_RUNPATH_SEARCH_PATHS = "$(inherited) @executable_path/Frameworks @loader_path/Frameworks";
				PRODUCT_BUNDLE_IDENTIFIER = com.DWQ.DWQbadgeViewDemoTests;
				PRODUCT_NAME = "$(TARGET_NAME)";
				TEST_HOST = "$(BUILT_PRODUCTS_DIR)/DWQbadgeViewDemo.app/DWQbadgeViewDemo";
			};
			name = Release;
		};
		049E4F521E710DA600A72C27 /* Debug */ = {
			isa = XCBuildConfiguration;
			buildSettings = {
				DEVELOPMENT_TEAM = N8RQBX5PQW;
				INFOPLIST_FILE = DWQbadgeViewDemoUITests/Info.plist;
				LD_RUNPATH_SEARCH_PATHS = "$(inherited) @executable_path/Frameworks @loader_path/Frameworks";
				PRODUCT_BUNDLE_IDENTIFIER = com.DWQ.DWQbadgeViewDemoUITests;
				PRODUCT_NAME = "$(TARGET_NAME)";
				TEST_TARGET_NAME = DWQbadgeViewDemo;
			};
			name = Debug;
		};
		049E4F531E710DA600A72C27 /* Release */ = {
			isa = XCBuildConfiguration;
			buildSettings = {
				DEVELOPMENT_TEAM = N8RQBX5PQW;
				INFOPLIST_FILE = DWQbadgeViewDemoUITests/Info.plist;
				LD_RUNPATH_SEARCH_PATHS = "$(inherited) @executable_path/Frameworks @loader_path/Frameworks";
				PRODUCT_BUNDLE_IDENTIFIER = com.DWQ.DWQbadgeViewDemoUITests;
				PRODUCT_NAME = "$(TARGET_NAME)";
				TEST_TARGET_NAME = DWQbadgeViewDemo;
			};
			name = Release;
		};
/* End XCBuildConfiguration section */

/* Begin XCConfigurationList section */
		049E4F191E710DA600A72C27 /* Build configuration list for PBXProject "DWQbadgeViewDemo" */ = {
			isa = XCConfigurationList;
			buildConfigurations = (
				049E4F491E710DA600A72C27 /* Debug */,
				049E4F4A1E710DA600A72C27 /* Release */,
			);
			defaultConfigurationIsVisible = 0;
			defaultConfigurationName = Release;
		};
		049E4F4B1E710DA600A72C27 /* Build configuration list for PBXNativeTarget "DWQbadgeViewDemo" */ = {
			isa = XCConfigurationList;
			buildConfigurations = (
				049E4F4C1E710DA600A72C27 /* Debug */,
				049E4F4D1E710DA600A72C27 /* Release */,
			);
			defaultConfigurationIsVisible = 0;
			defaultConfigurationName = Release;
		};
		049E4F4E1E710DA600A72C27 /* Build configuration list for PBXNativeTarget "DWQbadgeViewDemoTests" */ = {
			isa = XCConfigurationList;
			buildConfigurations = (
				049E4F4F1E710DA600A72C27 /* Debug */,
				049E4F501E710DA600A72C27 /* Release */,
			);
			defaultConfigurationIsVisible = 0;
			defaultConfigurationName = Release;
		};
		049E4F511E710DA600A72C27 /* Build configuration list for PBXNativeTarget "DWQbadgeViewDemoUITests" */ = {
			isa = XCConfigurationList;
			buildConfigurations = (
				049E4F521E710DA600A72C27 /* Debug */,
				049E4F531E710DA600A72C27 /* Release */,
			);
			defaultConfigurationIsVisible = 0;
			defaultConfigurationName = Release;
		};
/* End XCConfigurationList section */
	};
	rootObject = 049E4F161E710DA600A72C27 /* Project object */;
}
